{
  "name": "webarttherapyts",
  "version": "0.0.0",
  "lockfileVersion": 2,
  "requires": true,
  "packages": {
    "": {
      "name": "webarttherapyts",
      "version": "0.0.0",
      "dependencies": {
        "@babylonjs/core": "^5.1.0",
        "@mediapipe/camera_utils": "^0.3.1640029074",
        "@mediapipe/control_utils": "^0.6.1629159505",
        "@mediapipe/drawing_utils": "^0.3.1620248257",
        "@mediapipe/hands": "^0.4.1646424915",
        "@types/ammo.js": "github:osman-turan/ammo.js-typings",
        "ammo.js": "github:kripken/ammo.js",
        "ammojs-typed": "^1.0.6",
        "babylonjs": "^5.1.0"
      },
      "devDependencies": {
        "@types/node": "^17.0.23",
        "typescript": "^4.5.4",
        "vite": "^2.9.0"
      }
    },
    "node_modules/@babylonjs/core": {
      "version": "5.1.0",
      "resolved": "https://registry.npmjs.org/@babylonjs/core/-/core-5.1.0.tgz",
      "integrity": "sha512-yHC+k2pbpjcFOkhAFcXYLLv/WbXLZlPTVdOcC3/ExC+WlnsrmiulT26AhU8ghzZCcTpil3WsyTxqB0GYMtvwcA==",
      "dependencies": {
        "tslib": "^2.3.1"
      }
    },
    "node_modules/@mediapipe/camera_utils": {
      "version": "0.3.1640029074",
      "resolved": "https://registry.npmjs.org/@mediapipe/camera_utils/-/camera_utils-0.3.1640029074.tgz",
      "integrity": "sha512-jRV/Mp2lgqNYT68TeVRu/Xq+ptZO9F9vCjxzQsA3VM2r7oXg0TrnfO9De2KKOUTpt0p28dKHs625J8GdWjha8A=="
    },
    "node_modules/@mediapipe/control_utils": {
      "version": "0.6.1629159505",
      "resolved": "https://registry.npmjs.org/@mediapipe/control_utils/-/control_utils-0.6.1629159505.tgz",
      "integrity": "sha512-n8ZfgwZlv3EDiF2bsz81+74qWqbu5JSukxRRVuJqkqxO1CsfQGFj8XI2Cxj0UlsnO1vzNelZiWV1tP3of47z7g=="
    },
    "node_modules/@mediapipe/drawing_utils": {
      "version": "0.3.1620248257",
      "resolved": "https://registry.npmjs.org/@mediapipe/drawing_utils/-/drawing_utils-0.3.1620248257.tgz",
      "integrity": "sha512-s598oo1K6C62mX3rWXJ7n1RJFdXjyQn3f6CeI+lU6kD69MVyBcV3hdmO5LnEZlCw5NRDANtaM8WAOuqZHaldLg=="
    },
    "node_modules/@mediapipe/hands": {
      "version": "0.4.1646424915",
      "resolved": "https://registry.npmjs.org/@mediapipe/hands/-/hands-0.4.1646424915.tgz",
      "integrity": "sha512-R1VM3DRCKTA49nVvkprInYUXx8cKisi86y6/9clvYA0vApmLqTjIHQFibJDHwSdy4Rykn2CjWywQAWw5+mGw8w=="
    },
    "node_modules/@types/ammo.js": {
      "version": "1.0.3",
      "resolved": "git+ssh://git@github.com/osman-turan/ammo.js-typings.git#4270a20c9f992969ffbd3e989aaa0efbe10fd5c4",
      "license": "MIT"
    },
    "node_modules/@types/node": {
      "version": "17.0.23",
      "resolved": "https://registry.npmjs.org/@types/node/-/node-17.0.23.tgz",
      "integrity": "sha512-UxDxWn7dl97rKVeVS61vErvw086aCYhDLyvRQZ5Rk65rZKepaFdm53GeqXaKBuOhED4e9uWq34IC3TdSdJJ2Gw==",
      "dev": true
    },
    "node_modules/ammo.js": {
      "version": "0.0.2",
      "resolved": "git+ssh://git@github.com/kripken/ammo.js.git#7a574978fb28164a0a1510831eae52958edb4265"
    },
    "node_modules/ammojs-typed": {
      "version": "1.0.6",
      "resolved": "https://registry.npmjs.org/ammojs-typed/-/ammojs-typed-1.0.6.tgz",
      "integrity": "sha512-ut/tD0m5eEdlJ5KK97ma6SIEGZ4FN3AJTSVz8wl6C4EtnpVQdP70lOwgDMJKsHjTohxc2/xEZl6yJfMBZNlQ5w=="
    },
    "node_modules/babylonjs": {
      "version": "5.1.0",
      "resolved": "https://registry.npmjs.org/babylonjs/-/babylonjs-5.1.0.tgz",
      "integrity": "sha512-6PviHfeyewAguwzlaawO/J2mmPBTujk67XxBNCxUAoqiT9nuFj3rHQAdzM1dWMlBa7Txr4woM1Zg6Bx0ytT8Hg=="
    },
    "node_modules/esbuild": {
      "version": "0.14.35",
      "resolved": "https://registry.npmjs.org/esbuild/-/esbuild-0.14.35.tgz",
      "integrity": "sha512-0aeHPwXVVUUo9qOWnu/zILmTexFYE+RJ3o4owjbEUIJuBhLUgL4wBuS94++4+t7sykSABsNyyMZEAZ2r+1qZ4A==",
      "dev": true,
      "hasInstallScript": true,
      "bin": {
        "esbuild": "bin/esbuild"
      },
      "engines": {
        "node": ">=12"
      },
      "optionalDependencies": {
        "esbuild-android-64": "0.14.35",
        "esbuild-android-arm64": "0.14.35",
        "esbuild-darwin-64": "0.14.35",
        "esbuild-darwin-arm64": "0.14.35",
        "esbuild-freebsd-64": "0.14.35",
        "esbuild-freebsd-arm64": "0.14.35",
        "esbuild-linux-32": "0.14.35",
        "esbuild-linux-64": "0.14.35",
        "esbuild-linux-arm": "0.14.35",
        "esbuild-linux-arm64": "0.14.35",
        "esbuild-linux-mips64le": "0.14.35",
        "esbuild-linux-ppc64le": "0.14.35",
        "esbuild-linux-riscv64": "0.14.35",
        "esbuild-linux-s390x": "0.14.35",
        "esbuild-netbsd-64": "0.14.35",
        "esbuild-openbsd-64": "0.14.35",
        "esbuild-sunos-64": "0.14.35",
        "esbuild-windows-32": "0.14.35",
        "esbuild-windows-64": "0.14.35",
        "esbuild-windows-arm64": "0.14.35"
      }
    },
    "node_modules/esbuild-android-64": {
      "version": "0.14.35",
      "resolved": "https://registry.npmjs.org/esbuild-android-64/-/esbuild-android-64-0.14.35.tgz",
      "integrity": "sha512-R11Eu5NDc5YpbmpXSczxnwrqIsaslE08I+gf/QUVxiuPid5DLQHRWKnkPiSXUgQGPZVjn4aASsAdq8L4uhcyXQ==",
      "cpu": [
        "x64"
      ],
      "dev": true,
      "optional": true,
      "os": [
        "android"
      ],
      "engines": {
        "node": ">=12"
      }
    },
    "node_modules/esbuild-android-arm64": {
      "version": "0.14.35",
      "resolved": "https://registry.npmjs.org/esbuild-android-arm64/-/esbuild-android-arm64-0.14.35.tgz",
      "integrity": "sha512-fOjTdzEvZer2+5xNWP2bUmpWccuHQBm/aPoTqoiLiS3VErvxOpbY2808UUEHHxRJucRxMUxHi+apKUpdj8NBjA==",
      "cpu": [
        "arm64"
      ],
      "dev": true,
      "optional": true,
      "os": [
        "android"
      ],
      "engines": {
        "node": ">=12"
      }
    },
    "node_modules/esbuild-darwin-64": {
      "version": "0.14.35",
      "resolved": "https://registry.npmjs.org/esbuild-darwin-64/-/esbuild-darwin-64-0.14.35.tgz",
      "integrity": "sha512-cN7ejc3Q0+5hFYXSLKd7GfnrY3hEjx/QxYUiU5f8KEJpH1CJsQEl69ALS5WYYrPrlgKHGKusRVKOkK1x20fe6g==",
      "cpu": [
        "x64"
      ],
      "dev": true,
      "optional": true,
      "os": [
        "darwin"
      ],
      "engines": {
        "node": ">=12"
      }
    },
    "node_modules/esbuild-darwin-arm64": {
      "version": "0.14.35",
      "resolved": "https://registry.npmjs.org/esbuild-darwin-arm64/-/esbuild-darwin-arm64-0.14.35.tgz",
      "integrity": "sha512-x4AK8UY14p2AYQNXQ5hd0HNnmcmBjd6bpFkmPmtrm8Khh/HT96JfVa06bYFute25aUOTHgWv5kU/k+JrqDTO2A==",
      "cpu": [
        "arm64"
      ],
      "dev": true,
      "optional": true,
      "os": [
        "darwin"
      ],
      "engines": {
        "node": ">=12"
      }
    },
    "node_modules/esbuild-freebsd-64": {
      "version": "0.14.35",
      "resolved": "https://registry.npmjs.org/esbuild-freebsd-64/-/esbuild-freebsd-64-0.14.35.tgz",
      "integrity": "sha512-S83TQ+LgeQt9n9sc7LVELBlpRzaSWGaMvPHtE/91AxEKBuqx47RhuII60LVUzwfOMXHbgroOuSMqA1D2C+vuxQ==",
      "cpu": [
        "x64"
      ],
      "dev": true,
      "optional": true,
      "os": [
        "freebsd"
      ],
      "engines": {
        "node": ">=12"
      }
    },
    "node_modules/esbuild-freebsd-arm64": {
      "version": "0.14.35",
      "resolved": "https://registry.npmjs.org/esbuild-freebsd-arm64/-/esbuild-freebsd-arm64-0.14.35.tgz",
      "integrity": "sha512-D7NDa9ZquQkgz6nwH/HJ1E9wvcb4EEWw7L+uY7jGG4N7Z2Y/wWxQ5dH207gp0TsRCXuE9cYN5HfnHwgav7zAdw==",
      "cpu": [
        "arm64"
      ],
      "dev": true,
      "optional": true,
      "os": [
        "freebsd"
      ],
      "engines": {
        "node": ">=12"
      }
    },
    "node_modules/esbuild-linux-32": {
      "version": "0.14.35",
      "resolved": "https://registry.npmjs.org/esbuild-linux-32/-/esbuild-linux-32-0.14.35.tgz",
      "integrity": "sha512-0/bt6wQzZmBYv+NY9r7OHxPzs5H4ktz0UK/x7iUs5pAEnj+NkdR/uCzhYVFgNRIO/b22O5P0Vs9LIcj0Z5Uc9A==",
      "cpu": [
        "ia32"
      ],
      "dev": true,
      "optional": true,
      "os": [
        "linux"
      ],
      "engines": {
        "node": ">=12"
      }
    },
    "node_modules/esbuild-linux-64": {
      "version": "0.14.35",
      "resolved": "https://registry.npmjs.org/esbuild-linux-64/-/esbuild-linux-64-0.14.35.tgz",
      "integrity": "sha512-50FLXlOdEfyc9NFR9lavX3W75zJNi5FTEU25EZY87MQlHlUqmoSfd/0BaO2xefcZK9XV7lTPZ+b8Wj/jFRMB2A==",
      "cpu": [
        "x64"
      ],
      "dev": true,
      "optional": true,
      "os": [
        "linux"
      ],
      "engines": {
        "node": ">=12"
      }
    },
    "node_modules/esbuild-linux-arm": {
      "version": "0.14.35",
      "resolved": "https://registry.npmjs.org/esbuild-linux-arm/-/esbuild-linux-arm-0.14.35.tgz",
      "integrity": "sha512-VIH+bxbk7NM0ZSAeFHOdFWsdVIw2RnrZEG340yFlf7PI9DLUkn0m5+Q8mgZiIZW29VBtpCQ7aiieFo+ZykhoUA==",
      "cpu": [
        "arm"
      ],
      "dev": true,
      "optional": true,
      "os": [
        "linux"
      ],
      "engines": {
        "node": ">=12"
      }
    },
    "node_modules/esbuild-linux-arm64": {
      "version": "0.14.35",
      "resolved": "https://registry.npmjs.org/esbuild-linux-arm64/-/esbuild-linux-arm64-0.14.35.tgz",
      "integrity": "sha512-Kknr+jl0dNVTyuUTczfaXlsmuGKPBZsNNDuUnLMEDi6Y6bi8ccC4QE4nwUDtkGyB1elr6BQYvb78wYhtfPVLew==",
      "cpu": [
        "arm64"
      ],
      "dev": true,
      "optional": true,
      "os": [
        "linux"
      ],
      "engines": {
        "node": ">=12"
      }
    },
    "node_modules/esbuild-linux-mips64le": {
      "version": "0.14.35",
      "resolved": "https://registry.npmjs.org/esbuild-linux-mips64le/-/esbuild-linux-mips64le-0.14.35.tgz",
      "integrity": "sha512-urTrLRUAbH3e91vu3/20Sc+qCvokgB4gepHk41AkS/nnM1PBSdRl8SKP3TkRXaJjb4LRGu6I2JAxLOmQWGzo/g==",
      "cpu": [
        "mips64el"
      ],
      "dev": true,
      "optional": true,
      "os": [
        "linux"
      ],
      "engines": {
        "node": ">=12"
      }
    },
    "node_modules/esbuild-linux-ppc64le": {
      "version": "0.14.35",
      "resolved": "https://registry.npmjs.org/esbuild-linux-ppc64le/-/esbuild-linux-ppc64le-0.14.35.tgz",
      "integrity": "sha512-B98j5OMZQHTw/MnjOQgxYDt+sJfLmvHSI6GhCcf55l11voyyR66SYTBFiz4RvEB1F8V6TQTpHwFhBWo/p5Fq8w==",
      "cpu": [
        "ppc64"
      ],
      "dev": true,
      "optional": true,
      "os": [
        "linux"
      ],
      "engines": {
        "node": ">=12"
      }
    },
    "node_modules/esbuild-linux-riscv64": {
      "version": "0.14.35",
      "resolved": "https://registry.npmjs.org/esbuild-linux-riscv64/-/esbuild-linux-riscv64-0.14.35.tgz",
      "integrity": "sha512-SP41XnWjMOK0WcaXKzfcGr0jA5vMoXu36Oe/SeHrdRrffuHr5/5IboLqCKCQeGAjoGRPSgSLTKB7T8ENXQpgCg==",
      "cpu": [
        "riscv64"
      ],
      "dev": true,
      "optional": true,
      "os": [
        "linux"
      ],
      "engines": {
        "node": ">=12"
      }
    },
    "node_modules/esbuild-linux-s390x": {
      "version": "0.14.35",
      "resolved": "https://registry.npmjs.org/esbuild-linux-s390x/-/esbuild-linux-s390x-0.14.35.tgz",
      "integrity": "sha512-H0K7+0i0crGrXul8q0RlOdatputTj299JGSvyhXXSMNCTqNd5hd8JOONS2Fbbgrv2Hu9bwkP57g8X94V8GeyMA==",
      "cpu": [
        "s390x"
      ],
      "dev": true,
      "optional": true,
      "os": [
        "linux"
      ],
      "engines": {
        "node": ">=12"
      }
    },
    "node_modules/esbuild-netbsd-64": {
      "version": "0.14.35",
      "resolved": "https://registry.npmjs.org/esbuild-netbsd-64/-/esbuild-netbsd-64-0.14.35.tgz",
      "integrity": "sha512-Z+DdBPbSWlOgFdXDhpyqDBTy5NKtTjSFwXfjs95BROJYXFu+ciF85bT10Olg3/EywvDDdpfSeGh+ExeOQ3fugA==",
      "cpu": [
        "x64"
      ],
      "dev": true,
      "optional": true,
      "os": [
        "netbsd"
      ],
      "engines": {
        "node": ">=12"
      }
    },
    "node_modules/esbuild-openbsd-64": {
      "version": "0.14.35",
      "resolved": "https://registry.npmjs.org/esbuild-openbsd-64/-/esbuild-openbsd-64-0.14.35.tgz",
      "integrity": "sha512-uNWRf9p69irg4X2yZ5M5GrPi7+F54+DsmYKBXGTIImtyanSAy0nEH6ejmHD2/uypPrlKFf+U746bMwZFIxy5zw==",
      "cpu": [
        "x64"
      ],
      "dev": true,
      "optional": true,
      "os": [
        "openbsd"
      ],
      "engines": {
        "node": ">=12"
      }
    },
    "node_modules/esbuild-sunos-64": {
      "version": "0.14.35",
      "resolved": "https://registry.npmjs.org/esbuild-sunos-64/-/esbuild-sunos-64-0.14.35.tgz",
      "integrity": "sha512-WwAS084DuK2AHe+9z0DGbLbv3Cf9H4H7YsBhS7sBIIZ9iY2r0Oikrw11p1VSPDXjgtB/6AYIckJDCRAFEX07rQ==",
      "cpu": [
        "x64"
      ],
      "dev": true,
      "optional": true,
      "os": [
        "sunos"
      ],
      "engines": {
        "node": ">=12"
      }
    },
    "node_modules/esbuild-windows-32": {
      "version": "0.14.35",
      "resolved": "https://registry.npmjs.org/esbuild-windows-32/-/esbuild-windows-32-0.14.35.tgz",
      "integrity": "sha512-XQgY0pLopKMuRvNsMlc4RuN8wKku4w/LGGhonYEOxibVx/aNMl6vS0P0xbZoUpej4EP8Gras0JihAxigvPqaiA==",
      "cpu": [
        "ia32"
      ],
      "dev": true,
      "optional": true,
      "os": [
        "win32"
      ],
      "engines": {
        "node": ">=12"
      }
    },
    "node_modules/esbuild-windows-64": {
      "version": "0.14.35",
      "resolved": "https://registry.npmjs.org/esbuild-windows-64/-/esbuild-windows-64-0.14.35.tgz",
      "integrity": "sha512-7PaFQb5QDNWQGNmbXBNHewuXq5iDtgTjT3ILif3oGeMd9IVD2hvQ6Twc3s3NDqj5NJFZL1ZK+l9WZ8BZidv7Vw==",
      "cpu": [
        "x64"
      ],
      "dev": true,
      "optional": true,
      "os": [
        "win32"
      ],
      "engines": {
        "node": ">=12"
      }
    },
    "node_modules/esbuild-windows-arm64": {
      "version": "0.14.35",
      "resolved": "https://registry.npmjs.org/esbuild-windows-arm64/-/esbuild-windows-arm64-0.14.35.tgz",
      "integrity": "sha512-TxVKDkjlRxoCJQpCYS7FbHA249WdCfWKhLhNYk6PtT0CQmD7Ogp51MG7Plx57/jtxE9/aZVOcAf3igGKyGijHw==",
      "cpu": [
        "arm64"
      ],
      "dev": true,
      "optional": true,
      "os": [
        "win32"
      ],
      "engines": {
        "node": ">=12"
      }
    },
    "node_modules/fsevents": {
      "version": "2.3.2",
      "resolved": "https://registry.npmjs.org/fsevents/-/fsevents-2.3.2.tgz",
      "integrity": "sha512-xiqMQR4xAeHTuB9uWm+fFRcIOgKBMiOBP+eXiyT7jsgVCq1bkVygt00oASowB7EdtpOHaaPgKt812P9ab+DDKA==",
      "dev": true,
      "hasInstallScript": true,
      "optional": true,
      "os": [
        "darwin"
      ],
      "engines": {
        "node": "^8.16.0 || ^10.6.0 || >=11.0.0"
      }
    },
    "node_modules/function-bind": {
      "version": "1.1.1",
      "resolved": "https://registry.npmjs.org/function-bind/-/function-bind-1.1.1.tgz",
      "integrity": "sha512-yIovAzMX49sF8Yl58fSCWJ5svSLuaibPxXQJFLmBObTuCr0Mf1KiPopGM9NiFjiYBCbfaa2Fh6breQ6ANVTI0A==",
      "dev": true
    },
    "node_modules/has": {
      "version": "1.0.3",
      "resolved": "https://registry.npmjs.org/has/-/has-1.0.3.tgz",
      "integrity": "sha512-f2dvO0VU6Oej7RkWJGrehjbzMAjFp5/VKPp5tTpWIV4JHHZK1/BxbFRtf/siA2SWTe09caDmVtYYzWEIbBS4zw==",
      "dev": true,
      "dependencies": {
        "function-bind": "^1.1.1"
      },
      "engines": {
        "node": ">= 0.4.0"
      }
    },
    "node_modules/is-core-module": {
      "version": "2.8.1",
      "resolved": "https://registry.npmjs.org/is-core-module/-/is-core-module-2.8.1.tgz",
      "integrity": "sha512-SdNCUs284hr40hFTFP6l0IfZ/RSrMXF3qgoRHd3/79unUTvrFO/JoXwkGm+5J/Oe3E/b5GsnG330uUNgRpu1PA==",
      "dev": true,
      "dependencies": {
        "has": "^1.0.3"
      },
      "funding": {
        "url": "https://github.com/sponsors/ljharb"
      }
    },
    "node_modules/nanoid": {
      "version": "3.3.2",
      "resolved": "https://registry.npmjs.org/nanoid/-/nanoid-3.3.2.tgz",
      "integrity": "sha512-CuHBogktKwpm5g2sRgv83jEy2ijFzBwMoYA60orPDR7ynsLijJDqgsi4RDGj3OJpy3Ieb+LYwiRmIOGyytgITA==",
      "dev": true,
      "bin": {
        "nanoid": "bin/nanoid.cjs"
      },
      "engines": {
        "node": "^10 || ^12 || ^13.7 || ^14 || >=15.0.1"
      }
    },
    "node_modules/path-parse": {
      "version": "1.0.7",
      "resolved": "https://registry.npmjs.org/path-parse/-/path-parse-1.0.7.tgz",
      "integrity": "sha512-LDJzPVEEEPR+y48z93A0Ed0yXb8pAByGWo/k5YYdYgpY2/2EsOsksJrq7lOHxryrVOn1ejG6oAp8ahvOIQD8sw==",
      "dev": true
    },
    "node_modules/picocolors": {
      "version": "1.0.0",
      "resolved": "https://registry.npmjs.org/picocolors/-/picocolors-1.0.0.tgz",
      "integrity": "sha512-1fygroTLlHu66zi26VoTDv8yRgm0Fccecssto+MhsZ0D/DGW2sm8E8AjW7NU5VVTRt5GxbeZ5qBuJr+HyLYkjQ==",
      "dev": true
    },
    "node_modules/postcss": {
      "version": "8.4.12",
      "resolved": "https://registry.npmjs.org/postcss/-/postcss-8.4.12.tgz",
      "integrity": "sha512-lg6eITwYe9v6Hr5CncVbK70SoioNQIq81nsaG86ev5hAidQvmOeETBqs7jm43K2F5/Ley3ytDtriImV6TpNiSg==",
      "dev": true,
      "funding": [
        {
          "type": "opencollective",
          "url": "https://opencollective.com/postcss/"
        },
        {
          "type": "tidelift",
          "url": "https://tidelift.com/funding/github/npm/postcss"
        }
      ],
      "dependencies": {
        "nanoid": "^3.3.1",
        "picocolors": "^1.0.0",
        "source-map-js": "^1.0.2"
      },
      "engines": {
        "node": "^10 || ^12 || >=14"
      }
    },
    "node_modules/resolve": {
      "version": "1.22.0",
      "resolved": "https://registry.npmjs.org/resolve/-/resolve-1.22.0.tgz",
      "integrity": "sha512-Hhtrw0nLeSrFQ7phPp4OOcVjLPIeMnRlr5mcnVuMe7M/7eBn98A3hmFRLoFo3DLZkivSYwhRUJTyPyWAk56WLw==",
      "dev": true,
      "dependencies": {
        "is-core-module": "^2.8.1",
        "path-parse": "^1.0.7",
        "supports-preserve-symlinks-flag": "^1.0.0"
      },
      "bin": {
        "resolve": "bin/resolve"
      },
      "funding": {
        "url": "https://github.com/sponsors/ljharb"
      }
    },
    "node_modules/rollup": {
      "version": "2.70.1",
      "resolved": "https://registry.npmjs.org/rollup/-/rollup-2.70.1.tgz",
      "integrity": "sha512-CRYsI5EuzLbXdxC6RnYhOuRdtz4bhejPMSWjsFLfVM/7w/85n2szZv6yExqUXsBdz5KT8eoubeyDUDjhLHEslA==",
      "dev": true,
      "bin": {
        "rollup": "dist/bin/rollup"
      },
      "engines": {
        "node": ">=10.0.0"
      },
      "optionalDependencies": {
        "fsevents": "~2.3.2"
      }
    },
    "node_modules/source-map-js": {
      "version": "1.0.2",
      "resolved": "https://registry.npmjs.org/source-map-js/-/source-map-js-1.0.2.tgz",
      "integrity": "sha512-R0XvVJ9WusLiqTCEiGCmICCMplcCkIwwR11mOSD9CR5u+IXYdiseeEuXCVAjS54zqwkLcPNnmU4OeJ6tUrWhDw==",
      "dev": true,
      "engines": {
        "node": ">=0.10.0"
      }
    },
    "node_modules/supports-preserve-symlinks-flag": {
      "version": "1.0.0",
      "resolved": "https://registry.npmjs.org/supports-preserve-symlinks-flag/-/supports-preserve-symlinks-flag-1.0.0.tgz",
      "integrity": "sha512-ot0WnXS9fgdkgIcePe6RHNk1WA8+muPa6cSjeR3V8K27q9BB1rTE3R1p7Hv0z1ZyAc8s6Vvv8DIyWf681MAt0w==",
      "dev": true,
      "engines": {
        "node": ">= 0.4"
      },
      "funding": {
        "url": "https://github.com/sponsors/ljharb"
      }
    },
    "node_modules/tslib": {
      "version": "2.3.1",
      "resolved": "https://registry.npmjs.org/tslib/-/tslib-2.3.1.tgz",
      "integrity": "sha512-77EbyPPpMz+FRFRuAFlWMtmgUWGe9UOG2Z25NqCwiIjRhOf5iKGuzSe5P2w1laq+FkRy4p+PCuVkJSGkzTEKVw=="
    },
    "node_modules/typescript": {
      "version": "4.6.3",
      "resolved": "https://registry.npmjs.org/typescript/-/typescript-4.6.3.tgz",
      "integrity": "sha512-yNIatDa5iaofVozS/uQJEl3JRWLKKGJKh6Yaiv0GLGSuhpFJe7P3SbHZ8/yjAHRQwKRoA6YZqlfjXWmVzoVSMw==",
      "dev": true,
      "bin": {
        "tsc": "bin/tsc",
        "tsserver": "bin/tsserver"
      },
      "engines": {
        "node": ">=4.2.0"
      }
    },
    "node_modules/vite": {
      "version": "2.9.1",
      "resolved": "https://registry.npmjs.org/vite/-/vite-2.9.1.tgz",
      "integrity": "sha512-vSlsSdOYGcYEJfkQ/NeLXgnRv5zZfpAsdztkIrs7AZHV8RCMZQkwjo4DS5BnrYTqoWqLoUe1Cah4aVO4oNNqCQ==",
      "dev": true,
      "dependencies": {
        "esbuild": "^0.14.27",
        "postcss": "^8.4.12",
        "resolve": "^1.22.0",
        "rollup": "^2.59.0"
      },
      "bin": {
        "vite": "bin/vite.js"
      },
      "engines": {
        "node": ">=12.2.0"
      },
      "optionalDependencies": {
        "fsevents": "~2.3.2"
      },
      "peerDependencies": {
        "less": "*",
        "sass": "*",
        "stylus": "*"
      },
      "peerDependenciesMeta": {
        "less": {
          "optional": true
        },
        "sass": {
          "optional": true
        },
        "stylus": {
          "optional": true
        }
      }
    }
  },
  "dependencies": {
    "@babylonjs/core": {
      "version": "5.1.0",
      "resolved": "https://registry.npmjs.org/@babylonjs/core/-/core-5.1.0.tgz",
      "integrity": "sha512-yHC+k2pbpjcFOkhAFcXYLLv/WbXLZlPTVdOcC3/ExC+WlnsrmiulT26AhU8ghzZCcTpil3WsyTxqB0GYMtvwcA==",
      "requires": {
        "tslib": "^2.3.1"
      }
    },
    "@mediapipe/camera_utils": {
      "version": "0.3.1640029074",
      "resolved": "https://registry.npmjs.org/@mediapipe/camera_utils/-/camera_utils-0.3.1640029074.tgz",
      "integrity": "sha512-jRV/Mp2lgqNYT68TeVRu/Xq+ptZO9F9vCjxzQsA3VM2r7oXg0TrnfO9De2KKOUTpt0p28dKHs625J8GdWjha8A=="
    },
    "@mediapipe/control_utils": {
      "version": "0.6.1629159505",
      "resolved": "https://registry.npmjs.org/@mediapipe/control_utils/-/control_utils-0.6.1629159505.tgz",
      "integrity": "sha512-n8ZfgwZlv3EDiF2bsz81+74qWqbu5JSukxRRVuJqkqxO1CsfQGFj8XI2Cxj0UlsnO1vzNelZiWV1tP3of47z7g=="
    },
    "@mediapipe/drawing_utils": {
      "version": "0.3.1620248257",
      "resolved": "https://registry.npmjs.org/@mediapipe/drawing_utils/-/drawing_utils-0.3.1620248257.tgz",
      "integrity": "sha512-s598oo1K6C62mX3rWXJ7n1RJFdXjyQn3f6CeI+lU6kD69MVyBcV3hdmO5LnEZlCw5NRDANtaM8WAOuqZHaldLg=="
    },
    "@mediapipe/hands": {
      "version": "0.4.1646424915",
      "resolved": "https://registry.npmjs.org/@mediapipe/hands/-/hands-0.4.1646424915.tgz",
      "integrity": "sha512-R1VM3DRCKTA49nVvkprInYUXx8cKisi86y6/9clvYA0vApmLqTjIHQFibJDHwSdy4Rykn2CjWywQAWw5+mGw8w=="
    },
    "@types/ammo.js": {
      "version": "git+ssh://git@github.com/osman-turan/ammo.js-typings.git#4270a20c9f992969ffbd3e989aaa0efbe10fd5c4",
      "from": "@types/ammo.js@github:osman-turan/ammo.js-typings"
    },
    "@types/node": {
      "version": "17.0.23",
      "resolved": "https://registry.npmjs.org/@types/node/-/node-17.0.23.tgz",
      "integrity": "sha512-UxDxWn7dl97rKVeVS61vErvw086aCYhDLyvRQZ5Rk65rZKepaFdm53GeqXaKBuOhED4e9uWq34IC3TdSdJJ2Gw==",
      "dev": true
    },
    "ammo.js": {
      "version": "git+ssh://git@github.com/kripken/ammo.js.git#7a574978fb28164a0a1510831eae52958edb4265",
      "from": "ammo.js@github:kripken/ammo.js"
    },
    "ammojs-typed": {
      "version": "1.0.6",
      "resolved": "https://registry.npmjs.org/ammojs-typed/-/ammojs-typed-1.0.6.tgz",
      "integrity": "sha512-ut/tD0m5eEdlJ5KK97ma6SIEGZ4FN3AJTSVz8wl6C4EtnpVQdP70lOwgDMJKsHjTohxc2/xEZl6yJfMBZNlQ5w=="
    },
    "babylonjs": {
      "version": "5.1.0",
      "resolved": "https://registry.npmjs.org/babylonjs/-/babylonjs-5.1.0.tgz",
      "integrity": "sha512-6PviHfeyewAguwzlaawO/J2mmPBTujk67XxBNCxUAoqiT9nuFj3rHQAdzM1dWMlBa7Txr4woM1Zg6Bx0ytT8Hg=="
    },
    "esbuild": {
      "version": "0.14.35",
      "resolved": "https://registry.npmjs.org/esbuild/-/esbuild-0.14.35.tgz",
      "integrity": "sha512-0aeHPwXVVUUo9qOWnu/zILmTexFYE+RJ3o4owjbEUIJuBhLUgL4wBuS94++4+t7sykSABsNyyMZEAZ2r+1qZ4A==",
      "dev": true,
      "requires": {
        "esbuild-android-64": "0.14.35",
        "esbuild-android-arm64": "0.14.35",
        "esbuild-darwin-64": "0.14.35",
        "esbuild-darwin-arm64": "0.14.35",
        "esbuild-freebsd-64": "0.14.35",
        "esbuild-freebsd-arm64": "0.14.35",
        "esbuild-linux-32": "0.14.35",
        "esbuild-linux-64": "0.14.35",
        "esbuild-linux-arm": "0.14.35",
        "esbuild-linux-arm64": "0.14.35",
        "esbuild-linux-mips64le": "0.14.35",
        "esbuild-linux-ppc64le": "0.14.35",
        "esbuild-linux-riscv64": "0.14.35",
        "esbuild-linux-s390x": "0.14.35",
        "esbuild-netbsd-64": "0.14.35",
        "esbuild-openbsd-64": "0.14.35",
        "esbuild-sunos-64": "0.14.35",
        "esbuild-windows-32": "0.14.35",
        "esbuild-windows-64": "0.14.35",
        "esbuild-windows-arm64": "0.14.35"
      }
    },
    "esbuild-android-64": {
      "version": "0.14.35",
      "resolved": "https://registry.npmjs.org/esbuild-android-64/-/esbuild-android-64-0.14.35.tgz",
      "integrity": "sha512-R11Eu5NDc5YpbmpXSczxnwrqIsaslE08I+gf/QUVxiuPid5DLQHRWKnkPiSXUgQGPZVjn4aASsAdq8L4uhcyXQ==",
      "dev": true,
      "optional": true
    },
    "esbuild-android-arm64": {
      "version": "0.14.35",
      "resolved": "https://registry.npmjs.org/esbuild-android-arm64/-/esbuild-android-arm64-0.14.35.tgz",
      "integrity": "sha512-fOjTdzEvZer2+5xNWP2bUmpWccuHQBm/aPoTqoiLiS3VErvxOpbY2808UUEHHxRJucRxMUxHi+apKUpdj8NBjA==",
      "dev": true,
      "optional": true
    },
    "esbuild-darwin-64": {
      "version": "0.14.35",
      "resolved": "https://registry.npmjs.org/esbuild-darwin-64/-/esbuild-darwin-64-0.14.35.tgz",
      "integrity": "sha512-cN7ejc3Q0+5hFYXSLKd7GfnrY3hEjx/QxYUiU5f8KEJpH1CJsQEl69ALS5WYYrPrlgKHGKusRVKOkK1x20fe6g==",
      "dev": true,
      "optional": true
    },
    "esbuild-darwin-arm64": {
      "version": "0.14.35",
      "resolved": "https://registry.npmjs.org/esbuild-darwin-arm64/-/esbuild-darwin-arm64-0.14.35.tgz",
      "integrity": "sha512-x4AK8UY14p2AYQNXQ5hd0HNnmcmBjd6bpFkmPmtrm8Khh/HT96JfVa06bYFute25aUOTHgWv5kU/k+JrqDTO2A==",
      "dev": true,
      "optional": true
    },
    "esbuild-freebsd-64": {
      "version": "0.14.35",
      "resolved": "https://registry.npmjs.org/esbuild-freebsd-64/-/esbuild-freebsd-64-0.14.35.tgz",
      "integrity": "sha512-S83TQ+LgeQt9n9sc7LVELBlpRzaSWGaMvPHtE/91AxEKBuqx47RhuII60LVUzwfOMXHbgroOuSMqA1D2C+vuxQ==",
      "dev": true,
      "optional": true
    },
    "esbuild-freebsd-arm64": {
      "version": "0.14.35",
      "resolved": "https://registry.npmjs.org/esbuild-freebsd-arm64/-/esbuild-freebsd-arm64-0.14.35.tgz",
      "integrity": "sha512-D7NDa9ZquQkgz6nwH/HJ1E9wvcb4EEWw7L+uY7jGG4N7Z2Y/wWxQ5dH207gp0TsRCXuE9cYN5HfnHwgav7zAdw==",
      "dev": true,
      "optional": true
    },
    "esbuild-linux-32": {
      "version": "0.14.35",
      "resolved": "https://registry.npmjs.org/esbuild-linux-32/-/esbuild-linux-32-0.14.35.tgz",
      "integrity": "sha512-0/bt6wQzZmBYv+NY9r7OHxPzs5H4ktz0UK/x7iUs5pAEnj+NkdR/uCzhYVFgNRIO/b22O5P0Vs9LIcj0Z5Uc9A==",
      "dev": true,
      "optional": true
    },
    "esbuild-linux-64": {
      "version": "0.14.35",
      "resolved": "https://registry.npmjs.org/esbuild-linux-64/-/esbuild-linux-64-0.14.35.tgz",
      "integrity": "sha512-50FLXlOdEfyc9NFR9lavX3W75zJNi5FTEU25EZY87MQlHlUqmoSfd/0BaO2xefcZK9XV7lTPZ+b8Wj/jFRMB2A==",
      "dev": true,
      "optional": true
    },
    "esbuild-linux-arm": {
      "version": "0.14.35",
      "resolved": "https://registry.npmjs.org/esbuild-linux-arm/-/esbuild-linux-arm-0.14.35.tgz",
      "integrity": "sha512-VIH+bxbk7NM0ZSAeFHOdFWsdVIw2RnrZEG340yFlf7PI9DLUkn0m5+Q8mgZiIZW29VBtpCQ7aiieFo+ZykhoUA==",
      "dev": true,
      "optional": true
    },
    "esbuild-linux-arm64": {
      "version": "0.14.35",
      "resolved": "https://registry.npmjs.org/esbuild-linux-arm64/-/esbuild-linux-arm64-0.14.35.tgz",
      "integrity": "sha512-Kknr+jl0dNVTyuUTczfaXlsmuGKPBZsNNDuUnLMEDi6Y6bi8ccC4QE4nwUDtkGyB1elr6BQYvb78wYhtfPVLew==",
      "dev": true,
      "optional": true
    },
    "esbuild-linux-mips64le": {
      "version": "0.14.35",
      "resolved": "https://registry.npmjs.org/esbuild-linux-mips64le/-/esbuild-linux-mips64le-0.14.35.tgz",
      "integrity": "sha512-urTrLRUAbH3e91vu3/20Sc+qCvokgB4gepHk41AkS/nnM1PBSdRl8SKP3TkRXaJjb4LRGu6I2JAxLOmQWGzo/g==",
      "dev": true,
      "optional": true
    },
    "esbuild-linux-ppc64le": {
      "version": "0.14.35",
      "resolved": "https://registry.npmjs.org/esbuild-linux-ppc64le/-/esbuild-linux-ppc64le-0.14.35.tgz",
      "integrity": "sha512-B98j5OMZQHTw/MnjOQgxYDt+sJfLmvHSI6GhCcf55l11voyyR66SYTBFiz4RvEB1F8V6TQTpHwFhBWo/p5Fq8w==",
      "dev": true,
      "optional": true
    },
    "esbuild-linux-riscv64": {
      "version": "0.14.35",
      "resolved": "https://registry.npmjs.org/esbuild-linux-riscv64/-/esbuild-linux-riscv64-0.14.35.tgz",
      "integrity": "sha512-SP41XnWjMOK0WcaXKzfcGr0jA5vMoXu36Oe/SeHrdRrffuHr5/5IboLqCKCQeGAjoGRPSgSLTKB7T8ENXQpgCg==",
      "dev": true,
      "optional": true
    },
    "esbuild-linux-s390x": {
      "version": "0.14.35",
      "resolved": "https://registry.npmjs.org/esbuild-linux-s390x/-/esbuild-linux-s390x-0.14.35.tgz",
      "integrity": "sha512-H0K7+0i0crGrXul8q0RlOdatputTj299JGSvyhXXSMNCTqNd5hd8JOONS2Fbbgrv2Hu9bwkP57g8X94V8GeyMA==",
      "dev": true,
      "optional": true
    },
    "esbuild-netbsd-64": {
      "version": "0.14.35",
      "resolved": "https://registry.npmjs.org/esbuild-netbsd-64/-/esbuild-netbsd-64-0.14.35.tgz",
      "integrity": "sha512-Z+DdBPbSWlOgFdXDhpyqDBTy5NKtTjSFwXfjs95BROJYXFu+ciF85bT10Olg3/EywvDDdpfSeGh+ExeOQ3fugA==",
      "dev": true,
      "optional": true
    },
    "esbuild-openbsd-64": {
      "version": "0.14.35",
      "resolved": "https://registry.npmjs.org/esbuild-openbsd-64/-/esbuild-openbsd-64-0.14.35.tgz",
      "integrity": "sha512-uNWRf9p69irg4X2yZ5M5GrPi7+F54+DsmYKBXGTIImtyanSAy0nEH6ejmHD2/uypPrlKFf+U746bMwZFIxy5zw==",
      "dev": true,
      "optional": true
    },
    "esbuild-sunos-64": {
      "version": "0.14.35",
      "resolved": "https://registry.npmjs.org/esbuild-sunos-64/-/esbuild-sunos-64-0.14.35.tgz",
      "integrity": "sha512-WwAS084DuK2AHe+9z0DGbLbv3Cf9H4H7YsBhS7sBIIZ9iY2r0Oikrw11p1VSPDXjgtB/6AYIckJDCRAFEX07rQ==",
      "dev": true,
      "optional": true
    },
    "esbuild-windows-32": {
      "version": "0.14.35",
      "resolved": "https://registry.npmjs.org/esbuild-windows-32/-/esbuild-windows-32-0.14.35.tgz",
      "integrity": "sha512-XQgY0pLopKMuRvNsMlc4RuN8wKku4w/LGGhonYEOxibVx/aNMl6vS0P0xbZoUpej4EP8Gras0JihAxigvPqaiA==",
      "dev": true,
      "optional": true
    },
    "esbuild-windows-64": {
      "version": "0.14.35",
      "resolved": "https://registry.npmjs.org/esbuild-windows-64/-/esbuild-windows-64-0.14.35.tgz",
      "integrity": "sha512-7PaFQb5QDNWQGNmbXBNHewuXq5iDtgTjT3ILif3oGeMd9IVD2hvQ6Twc3s3NDqj5NJFZL1ZK+l9WZ8BZidv7Vw==",
      "dev": true,
      "optional": true
    },
    "esbuild-windows-arm64": {
      "version": "0.14.35",
      "resolved": "https://registry.npmjs.org/esbuild-windows-arm64/-/esbuild-windows-arm64-0.14.35.tgz",
      "integrity": "sha512-TxVKDkjlRxoCJQpCYS7FbHA249WdCfWKhLhNYk6PtT0CQmD7Ogp51MG7Plx57/jtxE9/aZVOcAf3igGKyGijHw==",
      "dev": true,
      "optional": true
    },
    "fsevents": {
      "version": "2.3.2",
      "resolved": "https://registry.npmjs.org/fsevents/-/fsevents-2.3.2.tgz",
      "integrity": "sha512-xiqMQR4xAeHTuB9uWm+fFRcIOgKBMiOBP+eXiyT7jsgVCq1bkVygt00oASowB7EdtpOHaaPgKt812P9ab+DDKA==",
      "dev": true,
      "optional": true
    },
    "function-bind": {
      "version": "1.1.1",
      "resolved": "https://registry.npmjs.org/function-bind/-/function-bind-1.1.1.tgz",
      "integrity": "sha512-yIovAzMX49sF8Yl58fSCWJ5svSLuaibPxXQJFLmBObTuCr0Mf1KiPopGM9NiFjiYBCbfaa2Fh6breQ6ANVTI0A==",
      "dev": true
    },
    "has": {
      "version": "1.0.3",
      "resolved": "https://registry.npmjs.org/has/-/has-1.0.3.tgz",
      "integrity": "sha512-f2dvO0VU6Oej7RkWJGrehjbzMAjFp5/VKPp5tTpWIV4JHHZK1/BxbFRtf/siA2SWTe09caDmVtYYzWEIbBS4zw==",
      "dev": true,
      "requires": {
        "function-bind": "^1.1.1"
      }
    },
    "is-core-module": {
      "version": "2.8.1",
      "resolved": "https://registry.npmjs.org/is-core-module/-/is-core-module-2.8.1.tgz",
      "integrity": "sha512-SdNCUs284hr40hFTFP6l0IfZ/RSrMXF3qgoRHd3/79unUTvrFO/JoXwkGm+5J/Oe3E/b5GsnG330uUNgRpu1PA==",
      "dev": true,
      "requires": {
        "has": "^1.0.3"
      }
    },
    "nanoid": {
      "version": "3.3.2",
      "resolved": "https://registry.npmjs.org/nanoid/-/nanoid-3.3.2.tgz",
      "integrity": "sha512-CuHBogktKwpm5g2sRgv83jEy2ijFzBwMoYA60orPDR7ynsLijJDqgsi4RDGj3OJpy3Ieb+LYwiRmIOGyytgITA==",
      "dev": true
    },
    "path-parse": {
      "version": "1.0.7",
      "resolved": "https://registry.npmjs.org/path-parse/-/path-parse-1.0.7.tgz",
      "integrity": "sha512-LDJzPVEEEPR+y48z93A0Ed0yXb8pAByGWo/k5YYdYgpY2/2EsOsksJrq7lOHxryrVOn1ejG6oAp8ahvOIQD8sw==",
      "dev": true
    },
    "picocolors": {
      "version": "1.0.0",
      "resolved": "https://registry.npmjs.org/picocolors/-/picocolors-1.0.0.tgz",
      "integrity": "sha512-1fygroTLlHu66zi26VoTDv8yRgm0Fccecssto+MhsZ0D/DGW2sm8E8AjW7NU5VVTRt5GxbeZ5qBuJr+HyLYkjQ==",
      "dev": true
    },
    "postcss": {
      "version": "8.4.12",
      "resolved": "https://registry.npmjs.org/postcss/-/postcss-8.4.12.tgz",
      "integrity": "sha512-lg6eITwYe9v6Hr5CncVbK70SoioNQIq81nsaG86ev5hAidQvmOeETBqs7jm43K2F5/Ley3ytDtriImV6TpNiSg==",
      "dev": true,
      "requires": {
        "nanoid": "^3.3.1",
        "picocolors": "^1.0.0",
        "source-map-js": "^1.0.2"
      }
    },
    "resolve": {
      "version": "1.22.0",
      "resolved": "https://registry.npmjs.org/resolve/-/resolve-1.22.0.tgz",
      "integrity": "sha512-Hhtrw0nLeSrFQ7phPp4OOcVjLPIeMnRlr5mcnVuMe7M/7eBn98A3hmFRLoFo3DLZkivSYwhRUJTyPyWAk56WLw==",
      "dev": true,
      "requires": {
        "is-core-module": "^2.8.1",
        "path-parse": "^1.0.7",
        "supports-preserve-symlinks-flag": "^1.0.0"
      }
    },
    "rollup": {
      "version": "2.70.1",
      "resolved": "https://registry.npmjs.org/rollup/-/rollup-2.70.1.tgz",
      "integrity": "sha512-CRYsI5EuzLbXdxC6RnYhOuRdtz4bhejPMSWjsFLfVM/7w/85n2szZv6yExqUXsBdz5KT8eoubeyDUDjhLHEslA==",
      "dev": true,
      "requires": {
        "fsevents": "~2.3.2"
      }
    },
    "source-map-js": {
      "version": "1.0.2",
      "resolved": "https://registry.npmjs.org/source-map-js/-/source-map-js-1.0.2.tgz",
      "integrity": "sha512-R0XvVJ9WusLiqTCEiGCmICCMplcCkIwwR11mOSD9CR5u+IXYdiseeEuXCVAjS54zqwkLcPNnmU4OeJ6tUrWhDw==",
      "dev": true
    },
    "supports-preserve-symlinks-flag": {
      "version": "1.0.0",
      "resolved": "https://registry.npmjs.org/supports-preserve-symlinks-flag/-/supports-preserve-symlinks-flag-1.0.0.tgz",
      "integrity": "sha512-ot0WnXS9fgdkgIcePe6RHNk1WA8+muPa6cSjeR3V8K27q9BB1rTE3R1p7Hv0z1ZyAc8s6Vvv8DIyWf681MAt0w==",
      "dev": true
    },
    "tslib": {
      "version": "2.3.1",
      "resolved": "https://registry.npmjs.org/tslib/-/tslib-2.3.1.tgz",
      "integrity": "sha512-77EbyPPpMz+FRFRuAFlWMtmgUWGe9UOG2Z25NqCwiIjRhOf5iKGuzSe5P2w1laq+FkRy4p+PCuVkJSGkzTEKVw=="
    },
    "typescript": {
      "version": "4.6.3",
      "resolved": "https://registry.npmjs.org/typescript/-/typescript-4.6.3.tgz",
      "integrity": "sha512-yNIatDa5iaofVozS/uQJEl3JRWLKKGJKh6Yaiv0GLGSuhpFJe7P3SbHZ8/yjAHRQwKRoA6YZqlfjXWmVzoVSMw==",
      "dev": true
    },
    "vite": {
      "version": "2.9.1",
      "resolved": "https://registry.npmjs.org/vite/-/vite-2.9.1.tgz",
      "integrity": "sha512-vSlsSdOYGcYEJfkQ/NeLXgnRv5zZfpAsdztkIrs7AZHV8RCMZQkwjo4DS5BnrYTqoWqLoUe1Cah4aVO4oNNqCQ==",
      "dev": true,
      "requires": {
        "esbuild": "^0.14.27",
        "fsevents": "~2.3.2",
        "postcss": "^8.4.12",
        "resolve": "^1.22.0",
        "rollup": "^2.59.0"
      }
    }
  }
}
