{
    "name": "webarttherapy",
    "version": "1.0.0",
    "lockfileVersion": 2,
    "requires": true,
    "packages": {
        "": {
            "name": "webarttherapy",
            "version": "1.0.0",
            "license": "ISC",
            "dependencies": {
                "@types/node": "^17.0.21",
                "three": "^0.138.3"
            }
        },
        "node_modules/@types/node": {
            "version": "17.0.21",
            "resolved": "https://registry.npmjs.org/@types/node/-/node-17.0.21.tgz",
            "integrity": "sha512-DBZCJbhII3r90XbQxI8Y9IjjiiOGlZ0Hr32omXIZvwwZ7p4DMMXGrKXVyPfuoBOri9XNtL0UK69jYIBIsRX3QQ=="
        },
        "node_modules/three": {
            "version": "0.138.3",
            "resolved": "https://registry.npmjs.org/three/-/three-0.138.3.tgz",
            "integrity": "sha512-4t1cKC8gimNyJChJbaklg8W/qj3PpsLJUIFm5LIuAy/hVxxNm1ru2FGTSfbTSsuHmC/7ipsyuGKqrSAKLNtkzg=="
        }
    },
    "dependencies": {
        "@types/node": {
            "version": "17.0.21",
            "resolved": "https://registry.npmjs.org/@types/node/-/node-17.0.21.tgz",
            "integrity": "sha512-DBZCJbhII3r90XbQxI8Y9IjjiiOGlZ0Hr32omXIZvwwZ7p4DMMXGrKXVyPfuoBOri9XNtL0UK69jYIBIsRX3QQ=="
        },
        "three": {
            "version": "0.138.3",
            "resolved": "https://registry.npmjs.org/three/-/three-0.138.3.tgz",
            "integrity": "sha512-4t1cKC8gimNyJChJbaklg8W/qj3PpsLJUIFm5LIuAy/hVxxNm1ru2FGTSfbTSsuHmC/7ipsyuGKqrSAKLNtkzg=="
        }
    }
}
